
Microsoft Visual Studio Solution File, Format Version 12.00
# Visual Studio Version 17
VisualStudioVersion = 17.10.35027.167
MinimumVisualStudioVersion = 10.0.40219.1
Project("{9A19103F-16F7-4668-BE54-9A1E7A4F7556}") = "ColorizedConsole", "src\ColorizedConsole\ColorizedConsole.csproj", "{C725D942-E1EE-4104-902A-A0832CA79A60}"
EndProject
Project("{9A19103F-16F7-4668-BE54-9A1E7A4F7556}") = "ColorizedConsole.Tests", "src\ColorizedConsole.Tests\ColorizedConsole.Tests.csproj", "{DA49A7BE-2F87-43BB-99AD-62DD76FC7442}"
EndProject
Global
	GlobalSection(SolutionConfigurationPlatforms) = preSolution
		Debug|Any CPU = Debug|Any CPU
		Release|Any CPU = Release|Any CPU
	EndGlobalSection
	GlobalSection(ProjectConfigurationPlatforms) = postSolution
		{C725D942-E1EE-4104-902A-A0832CA79A60}.Debug|Any CPU.ActiveCfg = Debug|Any CPU
		{C725D942-E1EE-4104-902A-A0832CA79A60}.Debug|Any CPU.Build.0 = Debug|Any CPU
		{C725D942-E1EE-4104-902A-A0832CA79A60}.Release|Any CPU.ActiveCfg = Release|Any CPU
		{C725D942-E1EE-4104-902A-A0832CA79A60}.Release|Any CPU.Build.0 = Release|Any CPU
		{DA49A7BE-2F87-43BB-99AD-62DD76FC7442}.Debug|Any CPU.ActiveCfg = Debug|Any CPU
		{DA49A7BE-2F87-43BB-99AD-62DD76FC7442}.Debug|Any CPU.Build.0 = Debug|Any CPU
		{DA49A7BE-2F87-43BB-99AD-62DD76FC7442}.Release|Any CPU.ActiveCfg = Release|Any CPU
		{DA49A7BE-2F87-43BB-99AD-62DD76FC7442}.Release|Any CPU.Build.0 = Release|Any CPU
	EndGlobalSection
	GlobalSection(SolutionProperties) = preSolution
		HideSolutionNode = FALSE
	EndGlobalSection
	GlobalSection(ExtensibilityGlobals) = postSolution
		SolutionGuid = {AE67422A-973E-454E-B332-05AC56F79D74}
	EndGlobalSection
EndGlobal
